
Microsoft Visual Studio Solution File, Format Version 12.00
# Visual Studio Version 16
VisualStudioVersion = 16.0.32126.315
MinimumVisualStudioVersion = 10.0.40219.1
Project("{FAE04EC0-301F-11D3-BF4B-00C04F79EFBC}") = "ZeroGraphProject", "ZeroGraphProject.csproj", "{046D577F-7877-4F0A-9853-BD36DF404448}"
EndProject
Global
	GlobalSection(SolutionConfigurationPlatforms) = preSolution
		Debug|Any CPU = Debug|Any CPU
		Release|Any CPU = Release|Any CPU
	EndGlobalSection
	GlobalSection(ProjectConfigurationPlatforms) = postSolution
		{046D577F-7877-4F0A-9853-BD36DF404448}.Debug|Any CPU.ActiveCfg = Debug|Any CPU
		{046D577F-7877-4F0A-9853-BD36DF404448}.Debug|Any CPU.Build.0 = Debug|Any CPU
		{046D577F-7877-4F0A-9853-BD36DF404448}.Release|Any CPU.ActiveCfg = Release|Any CPU
		{046D577F-7877-4F0A-9853-BD36DF404448}.Release|Any CPU.Build.0 = Release|Any CPU
	EndGlobalSection
	GlobalSection(SolutionProperties) = preSolution
		HideSolutionNode = FALSE
	EndGlobalSection
	GlobalSection(ExtensibilityGlobals) = postSolution
		SolutionGuid = {8C96FA58-8D66-470B-9304-CAB7726E3E45}
	EndGlobalSection
EndGlobal
